
Microsoft Visual Studio Solution File, Format Version 12.00
# Visual Studio Version 16
VisualStudioVersion = 16.0.31729.503
MinimumVisualStudioVersion = 10.0.40219.1
Project("{FAE04EC0-301F-11D3-BF4B-00C04F79EFBC}") = "SocialMedia.Core", "SocialMedia.Core\SocialMedia.Core.csproj", "{8F03FA09-B4E8-45EB-97D2-B4AEAFFA2807}"
EndProject
Project("{FAE04EC0-301F-11D3-BF4B-00C04F79EFBC}") = "SocialMedia.Infrastructure", "SocialMedia.Infrastructure\SocialMedia.Infrastructure.csproj", "{04794643-87C0-433B-A914-3C0D51483E89}"
EndProject
Global
	GlobalSection(SolutionConfigurationPlatforms) = preSolution
		Debug|Any CPU = Debug|Any CPU
		Release|Any CPU = Release|Any CPU
	EndGlobalSection
	GlobalSection(ProjectConfigurationPlatforms) = postSolution
		{8F03FA09-B4E8-45EB-97D2-B4AEAFFA2807}.Debug|Any CPU.ActiveCfg = Debug|Any CPU
		{8F03FA09-B4E8-45EB-97D2-B4AEAFFA2807}.Debug|Any CPU.Build.0 = Debug|Any CPU
		{8F03FA09-B4E8-45EB-97D2-B4AEAFFA2807}.Release|Any CPU.ActiveCfg = Release|Any CPU
		{8F03FA09-B4E8-45EB-97D2-B4AEAFFA2807}.Release|Any CPU.Build.0 = Release|Any CPU
		{04794643-87C0-433B-A914-3C0D51483E89}.Debug|Any CPU.ActiveCfg = Debug|Any CPU
		{04794643-87C0-433B-A914-3C0D51483E89}.Debug|Any CPU.Build.0 = Debug|Any CPU
		{04794643-87C0-433B-A914-3C0D51483E89}.Release|Any CPU.ActiveCfg = Release|Any CPU
		{04794643-87C0-433B-A914-3C0D51483E89}.Release|Any CPU.Build.0 = Release|Any CPU
	EndGlobalSection
	GlobalSection(SolutionProperties) = preSolution
		HideSolutionNode = FALSE
	EndGlobalSection
	GlobalSection(ExtensibilityGlobals) = postSolution
		SolutionGuid = {44A4D5DC-9647-4114-86D2-B7E58F31CB4A}
	EndGlobalSection
EndGlobal
